
Microsoft Visual Studio Solution File, Format Version 12.00
# Visual Studio Version 16
VisualStudioVersion = 16.0.30114.105
MinimumVisualStudioVersion = 10.0.40219.1
Project("{FAE04EC0-301F-11D3-BF4B-00C04F79EFBC}") = "FileToDB", "FileToDB.csproj", "{0988DEC3-FDCE-424A-AC4F-35C9FA6B3FE8}"
EndProject
Global
	GlobalSection(SolutionConfigurationPlatforms) = preSolution
		Debug|Any CPU = Debug|Any CPU
		Release|Any CPU = Release|Any CPU
	EndGlobalSection
	GlobalSection(ProjectConfigurationPlatforms) = postSolution
		{0988DEC3-FDCE-424A-AC4F-35C9FA6B3FE8}.Debug|Any CPU.ActiveCfg = Debug|Any CPU
		{0988DEC3-FDCE-424A-AC4F-35C9FA6B3FE8}.Debug|Any CPU.Build.0 = Debug|Any CPU
		{0988DEC3-FDCE-424A-AC4F-35C9FA6B3FE8}.Release|Any CPU.ActiveCfg = Release|Any CPU
		{0988DEC3-FDCE-424A-AC4F-35C9FA6B3FE8}.Release|Any CPU.Build.0 = Release|Any CPU
	EndGlobalSection
	GlobalSection(SolutionProperties) = preSolution
		HideSolutionNode = FALSE
	EndGlobalSection
	GlobalSection(ExtensibilityGlobals) = postSolution
		SolutionGuid = {E1FA9DA6-C7B9-4D0C-BCCF-CDCD1ECAF570}
	EndGlobalSection
EndGlobal
